
Microsoft Visual Studio Solution File, Format Version 12.00
# Visual Studio 2013
VisualStudioVersion = 12.0.30723.0
MinimumVisualStudioVersion = 10.0.40219.1
Project("{FAE04EC0-301F-11D3-BF4B-00C04F79EFBC}") = "TradingCms", "TradingCms\TradingCms.csproj", "{D24953D4-C956-4651-9CB4-7E42334105EF}"
EndProject
Project("{FAE04EC0-301F-11D3-BF4B-00C04F79EFBC}") = "TradingCms.Tests", "TradingCms.Tests\TradingCms.Tests.csproj", "{CF30192E-0CCC-4BDF-86B4-2069F8DC6631}"
EndProject
Project("{FAE04EC0-301F-11D3-BF4B-00C04F79EFBC}") = "TradingCms.Data", "TradingCms.Data\TradingCms.Data.csproj", "{2722FEE1-AE3A-4F74-B029-D2854A422DAF}"
EndProject
Project("{FAE04EC0-301F-11D3-BF4B-00C04F79EFBC}") = "TradingCms.Data.Access", "TradingCms.Data.Access\TradingCms.Data.Access.csproj", "{6849B044-753C-45B2-8AFB-C580FDEF977E}"
EndProject
Global
	GlobalSection(SolutionConfigurationPlatforms) = preSolution
		Debug|Any CPU = Debug|Any CPU
		Release|Any CPU = Release|Any CPU
	EndGlobalSection
	GlobalSection(ProjectConfigurationPlatforms) = postSolution
		{D24953D4-C956-4651-9CB4-7E42334105EF}.Debug|Any CPU.ActiveCfg = Debug|Any CPU
		{D24953D4-C956-4651-9CB4-7E42334105EF}.Debug|Any CPU.Build.0 = Debug|Any CPU
		{D24953D4-C956-4651-9CB4-7E42334105EF}.Release|Any CPU.ActiveCfg = Release|Any CPU
		{D24953D4-C956-4651-9CB4-7E42334105EF}.Release|Any CPU.Build.0 = Release|Any CPU
		{CF30192E-0CCC-4BDF-86B4-2069F8DC6631}.Debug|Any CPU.ActiveCfg = Debug|Any CPU
		{CF30192E-0CCC-4BDF-86B4-2069F8DC6631}.Debug|Any CPU.Build.0 = Debug|Any CPU
		{CF30192E-0CCC-4BDF-86B4-2069F8DC6631}.Release|Any CPU.ActiveCfg = Release|Any CPU
		{CF30192E-0CCC-4BDF-86B4-2069F8DC6631}.Release|Any CPU.Build.0 = Release|Any CPU
		{2722FEE1-AE3A-4F74-B029-D2854A422DAF}.Debug|Any CPU.ActiveCfg = Debug|Any CPU
		{2722FEE1-AE3A-4F74-B029-D2854A422DAF}.Debug|Any CPU.Build.0 = Debug|Any CPU
		{2722FEE1-AE3A-4F74-B029-D2854A422DAF}.Release|Any CPU.ActiveCfg = Release|Any CPU
		{2722FEE1-AE3A-4F74-B029-D2854A422DAF}.Release|Any CPU.Build.0 = Release|Any CPU
		{6849B044-753C-45B2-8AFB-C580FDEF977E}.Debug|Any CPU.ActiveCfg = Debug|Any CPU
		{6849B044-753C-45B2-8AFB-C580FDEF977E}.Debug|Any CPU.Build.0 = Debug|Any CPU
		{6849B044-753C-45B2-8AFB-C580FDEF977E}.Release|Any CPU.ActiveCfg = Release|Any CPU
		{6849B044-753C-45B2-8AFB-C580FDEF977E}.Release|Any CPU.Build.0 = Release|Any CPU
	EndGlobalSection
	GlobalSection(SolutionProperties) = preSolution
		HideSolutionNode = FALSE
	EndGlobalSection
EndGlobal
